
Microsoft Visual Studio Solution File, Format Version 12.00
# Visual Studio Version 16
VisualStudioVersion = 16.0.29806.167
MinimumVisualStudioVersion = 10.0.40219.1
Project("{FAE04EC0-301F-11D3-BF4B-00C04F79EFBC}") = "BowlingKata", "BowlingKata\BowlingKata.csproj", "{92CF3505-080F-4E6D-82BD-D1B9F69B2800}"
EndProject
Project("{FAE04EC0-301F-11D3-BF4B-00C04F79EFBC}") = "BowlingKataTests", "BowlingKataTests\BowlingKataTests.csproj", "{97E3D90D-11D1-42A8-BE89-024D2E6247D2}"
EndProject
Global
	GlobalSection(SolutionConfigurationPlatforms) = preSolution
		Debug|Any CPU = Debug|Any CPU
		Release|Any CPU = Release|Any CPU
	EndGlobalSection
	GlobalSection(ProjectConfigurationPlatforms) = postSolution
		{92CF3505-080F-4E6D-82BD-D1B9F69B2800}.Debug|Any CPU.ActiveCfg = Debug|Any CPU
		{92CF3505-080F-4E6D-82BD-D1B9F69B2800}.Debug|Any CPU.Build.0 = Debug|Any CPU
		{92CF3505-080F-4E6D-82BD-D1B9F69B2800}.Release|Any CPU.ActiveCfg = Release|Any CPU
		{92CF3505-080F-4E6D-82BD-D1B9F69B2800}.Release|Any CPU.Build.0 = Release|Any CPU
		{97E3D90D-11D1-42A8-BE89-024D2E6247D2}.Debug|Any CPU.ActiveCfg = Debug|Any CPU
		{97E3D90D-11D1-42A8-BE89-024D2E6247D2}.Debug|Any CPU.Build.0 = Debug|Any CPU
		{97E3D90D-11D1-42A8-BE89-024D2E6247D2}.Release|Any CPU.ActiveCfg = Release|Any CPU
		{97E3D90D-11D1-42A8-BE89-024D2E6247D2}.Release|Any CPU.Build.0 = Release|Any CPU
	EndGlobalSection
	GlobalSection(SolutionProperties) = preSolution
		HideSolutionNode = FALSE
	EndGlobalSection
	GlobalSection(ExtensibilityGlobals) = postSolution
		SolutionGuid = {ACF3DF35-FF26-408A-A092-273801E29251}
	EndGlobalSection
EndGlobal
